{
  "name": "wasm-test",
  "version": "1.0.0",
  "lockfileVersion": 3,
  "requires": true,
  "packages": {
    "": {
      "name": "wasm-test",
      "version": "1.0.0",
      "license": "ISC",
      "dependencies": {
        "wasm-test": "file:wasm-test/pkg"
      }
    },
    "node_modules/wasm-test": {
      "resolved": "wasm-test/pkg",
      "link": true
    },
    "wasm-test/pkg": {
      "version": "0.1.0",
      "license": "MIT"
    }
  }
}
